{
  "nodes": {
    "flake-utils": {
      "inputs": {
        "systems": "systems"
      },
      "locked": {
        "lastModified": 1731533236,
        "narHash": "sha256-l0KFg5HjrsfsO/JpG+r7fRrqm12kzFHyUHqHCVpMMbI=",
        "owner": "numtide",
        "repo": "flake-utils",
        "rev": "11707dc2f618dd54ca8739b309ec4fc024de578b",
        "type": "github"
      },
      "original": {
        "owner": "numtide",
        "repo": "flake-utils",
        "type": "github"
      }
    },
    "flake-utils_2": {
      "inputs": {
        "systems": "systems_2"
      },
      "locked": {
        "lastModified": 1731533236,
        "narHash": "sha256-l0KFg5HjrsfsO/JpG+r7fRrqm12kzFHyUHqHCVpMMbI=",
        "owner": "numtide",
        "repo": "flake-utils",
        "rev": "11707dc2f618dd54ca8739b309ec4fc024de578b",
        "type": "github"
      },
      "original": {
        "owner": "numtide",
        "repo": "flake-utils",
        "type": "github"
      }
    },
    "flake-utils_3": {
      "inputs": {
        "systems": "systems_3"
      },
      "locked": {
        "lastModified": 1731533236,
        "narHash": "sha256-l0KFg5HjrsfsO/JpG+r7fRrqm12kzFHyUHqHCVpMMbI=",
        "owner": "numtide",
        "repo": "flake-utils",
        "rev": "11707dc2f618dd54ca8739b309ec4fc024de578b",
        "type": "github"
      },
      "original": {
        "owner": "numtide",
        "repo": "flake-utils",
        "type": "github"
      }
    },
    "gwt": {
      "inputs": {
        "flake-utils": "flake-utils",
        "nixpkgs": [
          "nixpkgs"
        ]
      },
      "locked": {
        "lastModified": 1756718677,
        "narHash": "sha256-SPD7KMyTp/xaHw4gMcY2FY6G8fT4gzcjNCX344NWK5I=",
        "owner": "flyinggrizzly",
        "repo": "gwt",
        "rev": "94a1d87840c6b1d116a749d45e6adfef1ff8be35",
        "type": "github"
      },
      "original": {
        "owner": "flyinggrizzly",
        "repo": "gwt",
        "type": "github"
      }
    },
    "home-manager": {
      "inputs": {
        "nixpkgs": [
          "nixpkgs"
        ]
      },
      "locked": {
        "lastModified": 1769187349,
        "narHash": "sha256-clG+nT6I2qxjIgk5WoSDKJyNhzKJs9jzbCujPF2S/yg=",
        "owner": "nix-community",
        "repo": "home-manager",
        "rev": "082a4cd87c6089d1d9c58ebe52655f9e07245fcb",
        "type": "github"
      },
      "original": {
        "owner": "nix-community",
        "repo": "home-manager",
        "type": "github"
      }
    },
    "home-manager_2": {
      "inputs": {
        "nixpkgs": [
          "tmuxinator-nix",
          "nixpkgs"
        ]
      },
      "locked": {
        "lastModified": 1746286834,
        "narHash": "sha256-N6401TfkHPmTTuZzHE02B/wQaKYZAAHtaQ0EQVYLc9w=",
        "owner": "nix-community",
        "repo": "home-manager",
        "rev": "929f8ee8362aec0a2bcbcbbd485e86e701496a73",
        "type": "github"
      },
      "original": {
        "owner": "nix-community",
        "repo": "home-manager",
        "type": "github"
      }
    },
    "nixpkgs": {
      "locked": {
        "lastModified": 1769018530,
        "narHash": "sha256-MJ27Cy2NtBEV5tsK+YraYr2g851f3Fl1LpNHDzDX15c=",
        "owner": "NixOS",
        "repo": "nixpkgs",
        "rev": "88d3861acdd3d2f0e361767018218e51810df8a1",
        "type": "github"
      },
      "original": {
        "owner": "NixOS",
        "ref": "nixos-unstable",
        "repo": "nixpkgs",
        "type": "github"
      }
    },
    "prompt-lib": {
      "inputs": {
        "flake-utils": "flake-utils_2",
        "nixpkgs": [
          "nixpkgs"
        ]
      },
      "locked": {
        "lastModified": 1769380172,
        "narHash": "sha256-1yzSPn1GgE0l4dkTScUZAqWpQQpJT8Xkh6JtPzCcWhc=",
        "owner": "flyinggrizzly",
        "repo": "prompt-lib",
        "rev": "cec5aa8f49b845850bd2bb801008c2388755b724",
        "type": "github"
      },
      "original": {
        "owner": "flyinggrizzly",
        "repo": "prompt-lib",
        "type": "github"
      }
    },
    "root": {
      "inputs": {
        "gwt": "gwt",
        "home-manager": "home-manager",
        "nixpkgs": "nixpkgs",
        "prompt-lib": "prompt-lib",
        "tmuxinator-nix": "tmuxinator-nix",
        "wiggum-nix": "wiggum-nix"
      }
    },
    "systems": {
      "locked": {
        "lastModified": 1681028828,
        "narHash": "sha256-Vy1rq5AaRuLzOxct8nz4T6wlgyUR7zLU309k9mBC768=",
        "owner": "nix-systems",
        "repo": "default",
        "rev": "da67096a3b9bf56a91d16901293e51ba5b49a27e",
        "type": "github"
      },
      "original": {
        "owner": "nix-systems",
        "repo": "default",
        "type": "github"
      }
    },
    "systems_2": {
      "locked": {
        "lastModified": 1681028828,
        "narHash": "sha256-Vy1rq5AaRuLzOxct8nz4T6wlgyUR7zLU309k9mBC768=",
        "owner": "nix-systems",
        "repo": "default",
        "rev": "da67096a3b9bf56a91d16901293e51ba5b49a27e",
        "type": "github"
      },
      "original": {
        "owner": "nix-systems",
        "repo": "default",
        "type": "github"
      }
    },
    "systems_3": {
      "locked": {
        "lastModified": 1681028828,
        "narHash": "sha256-Vy1rq5AaRuLzOxct8nz4T6wlgyUR7zLU309k9mBC768=",
        "owner": "nix-systems",
        "repo": "default",
        "rev": "da67096a3b9bf56a91d16901293e51ba5b49a27e",
        "type": "github"
      },
      "original": {
        "owner": "nix-systems",
        "repo": "default",
        "type": "github"
      }
    },
    "tmuxinator-nix": {
      "inputs": {
        "home-manager": "home-manager_2",
        "nixpkgs": [
          "nixpkgs"
        ]
      },
      "locked": {
        "lastModified": 1746513011,
        "narHash": "sha256-gYJef3Qzx/hfx4egBOJbF4GlHpX7r2b5XDXX3nM4Jmk=",
        "owner": "flyinggrizzly",
        "repo": "tmuxinator-nix",
        "rev": "835cae5e6168be4ef0da8d56f47584653d4106fc",
        "type": "github"
      },
      "original": {
        "owner": "flyinggrizzly",
        "repo": "tmuxinator-nix",
        "type": "github"
      }
    },
    "wiggum-nix": {
      "inputs": {
        "flake-utils": "flake-utils_3",
        "nixpkgs": [
          "nixpkgs"
        ]
      },
      "locked": {
        "lastModified": 1769279211,
        "narHash": "sha256-vbUQ6qQa024Vxj9nOCjAds4hblPJ9quGiUZvynF8kAY=",
        "owner": "flyinggrizzly",
        "repo": "wiggum-nix",
        "rev": "2f5a6b4ab19d4185fb2f949e585597e5a34afe1a",
        "type": "github"
      },
      "original": {
        "owner": "flyinggrizzly",
        "repo": "wiggum-nix",
        "type": "github"
      }
    }
  },
  "root": "root",
  "version": 7
}
