{
  "nodes": {
    "flake-utils": {
      "inputs": {
        "systems": "systems"
      },
      "locked": {
        "lastModified": 1731533236,
        "narHash": "sha256-l0KFg5HjrsfsO/JpG+r7fRrqm12kzFHyUHqHCVpMMbI=",
        "owner": "numtide",
        "repo": "flake-utils",
        "rev": "11707dc2f618dd54ca8739b309ec4fc024de578b",
        "type": "github"
      },
      "original": {
        "owner": "numtide",
        "repo": "flake-utils",
        "type": "github"
      }
    },
    "flake-utils_2": {
      "inputs": {
        "systems": "systems_2"
      },
      "locked": {
        "lastModified": 1731533236,
        "narHash": "sha256-l0KFg5HjrsfsO/JpG+r7fRrqm12kzFHyUHqHCVpMMbI=",
        "owner": "numtide",
        "repo": "flake-utils",
        "rev": "11707dc2f618dd54ca8739b309ec4fc024de578b",
        "type": "github"
      },
      "original": {
        "owner": "numtide",
        "repo": "flake-utils",
        "type": "github"
      }
    },
    "gwt": {
      "inputs": {
        "flake-utils": "flake-utils",
        "nixpkgs": [
          "nixpkgs"
        ]
      },
      "locked": {
        "lastModified": 1756718677,
        "narHash": "sha256-SPD7KMyTp/xaHw4gMcY2FY6G8fT4gzcjNCX344NWK5I=",
        "owner": "flyinggrizzly",
        "repo": "gwt",
        "rev": "94a1d87840c6b1d116a749d45e6adfef1ff8be35",
        "type": "github"
      },
      "original": {
        "owner": "flyinggrizzly",
        "repo": "gwt",
        "type": "github"
      }
    },
    "home-manager": {
      "inputs": {
        "nixpkgs": [
          "nixpkgs"
        ]
      },
      "locked": {
        "lastModified": 1763997646,
        "narHash": "sha256-hLIvcdKAtwt5eZchw+7AZFXx3NniHPbZ7puYruofsD8=",
        "owner": "nix-community",
        "repo": "home-manager",
        "rev": "b9c0dae3e474631d4813c685187f5b4e01c34d39",
        "type": "github"
      },
      "original": {
        "owner": "nix-community",
        "repo": "home-manager",
        "type": "github"
      }
    },
    "home-manager_2": {
      "inputs": {
        "nixpkgs": [
          "tmuxinator-nix",
          "nixpkgs"
        ]
      },
      "locked": {
        "lastModified": 1746286834,
        "narHash": "sha256-N6401TfkHPmTTuZzHE02B/wQaKYZAAHtaQ0EQVYLc9w=",
        "owner": "nix-community",
        "repo": "home-manager",
        "rev": "929f8ee8362aec0a2bcbcbbd485e86e701496a73",
        "type": "github"
      },
      "original": {
        "owner": "nix-community",
        "repo": "home-manager",
        "type": "github"
      }
    },
    "nixpkgs": {
      "locked": {
        "lastModified": 1763835633,
        "narHash": "sha256-HzxeGVID5MChuCPESuC0dlQL1/scDKu+MmzoVBJxulM=",
        "owner": "NixOS",
        "repo": "nixpkgs",
        "rev": "050e09e091117c3d7328c7b2b7b577492c43c134",
        "type": "github"
      },
      "original": {
        "owner": "NixOS",
        "ref": "nixos-unstable",
        "repo": "nixpkgs",
        "type": "github"
      }
    },
    "root": {
      "inputs": {
        "gwt": "gwt",
        "home-manager": "home-manager",
        "nixpkgs": "nixpkgs",
        "tmuxinator-nix": "tmuxinator-nix",
        "wiggum-nix": "wiggum-nix"
      }
    },
    "systems": {
      "locked": {
        "lastModified": 1681028828,
        "narHash": "sha256-Vy1rq5AaRuLzOxct8nz4T6wlgyUR7zLU309k9mBC768=",
        "owner": "nix-systems",
        "repo": "default",
        "rev": "da67096a3b9bf56a91d16901293e51ba5b49a27e",
        "type": "github"
      },
      "original": {
        "owner": "nix-systems",
        "repo": "default",
        "type": "github"
      }
    },
    "systems_2": {
      "locked": {
        "lastModified": 1681028828,
        "narHash": "sha256-Vy1rq5AaRuLzOxct8nz4T6wlgyUR7zLU309k9mBC768=",
        "owner": "nix-systems",
        "repo": "default",
        "rev": "da67096a3b9bf56a91d16901293e51ba5b49a27e",
        "type": "github"
      },
      "original": {
        "owner": "nix-systems",
        "repo": "default",
        "type": "github"
      }
    },
    "tmuxinator-nix": {
      "inputs": {
        "home-manager": "home-manager_2",
        "nixpkgs": [
          "nixpkgs"
        ]
      },
      "locked": {
        "lastModified": 1746513011,
        "narHash": "sha256-gYJef3Qzx/hfx4egBOJbF4GlHpX7r2b5XDXX3nM4Jmk=",
        "owner": "flyinggrizzly",
        "repo": "tmuxinator-nix",
        "rev": "835cae5e6168be4ef0da8d56f47584653d4106fc",
        "type": "github"
      },
      "original": {
        "owner": "flyinggrizzly",
        "repo": "tmuxinator-nix",
        "type": "github"
      }
    },
    "wiggum-nix": {
      "inputs": {
        "flake-utils": "flake-utils_2",
        "nixpkgs": [
          "nixpkgs"
        ]
      },
      "locked": {
        "lastModified": 1769182342,
        "narHash": "sha256-kjPUpFdkB3nYzayZC33A+0uICp4DaYWHQZWySZ4If6g=",
        "owner": "flyinggrizzly",
        "repo": "wiggum-nix",
        "rev": "240fae321d538b134ac2cfee90a53ee011ffe245",
        "type": "github"
      },
      "original": {
        "owner": "flyinggrizzly",
        "repo": "wiggum-nix",
        "type": "github"
      }
    }
  },
  "root": "root",
  "version": 7
}
