{
  "nodes": {
    "flake-utils": {
      "inputs": {
        "systems": "systems"
      },
      "locked": {
        "lastModified": 1731533236,
        "narHash": "sha256-l0KFg5HjrsfsO/JpG+r7fRrqm12kzFHyUHqHCVpMMbI=",
        "owner": "numtide",
        "repo": "flake-utils",
        "rev": "11707dc2f618dd54ca8739b309ec4fc024de578b",
        "type": "github"
      },
      "original": {
        "owner": "numtide",
        "repo": "flake-utils",
        "type": "github"
      }
    },
    "gwt": {
      "inputs": {
        "flake-utils": "flake-utils",
        "nixpkgs": [
          "nixpkgs"
        ]
      },
      "locked": {
        "lastModified": 1750184412,
        "narHash": "sha256-lSgURiRSsn7HotsXPcGQ7fH21kYjMoePLodTFb17xMg=",
        "owner": "flyinggrizzly",
        "repo": "gwt",
        "rev": "3dfa15a6f8801cf65446902bf28db2ab44c8bf02",
        "type": "github"
      },
      "original": {
        "owner": "flyinggrizzly",
        "repo": "gwt",
        "type": "github"
      }
    },
    "home-manager": {
      "inputs": {
        "nixpkgs": [
          "nixpkgs"
        ]
      },
      "locked": {
        "lastModified": 1756261190,
        "narHash": "sha256-eiy0klFK5EVJLNilutR7grsZN/7Itj9DyD75eyOf83k=",
        "owner": "nix-community",
        "repo": "home-manager",
        "rev": "77f348da3176dc68b20a73dab94852a417daf361",
        "type": "github"
      },
      "original": {
        "owner": "nix-community",
        "repo": "home-manager",
        "type": "github"
      }
    },
    "home-manager_2": {
      "inputs": {
        "nixpkgs": [
          "tmuxinator-nix",
          "nixpkgs"
        ]
      },
      "locked": {
        "lastModified": 1746286834,
        "narHash": "sha256-N6401TfkHPmTTuZzHE02B/wQaKYZAAHtaQ0EQVYLc9w=",
        "owner": "nix-community",
        "repo": "home-manager",
        "rev": "929f8ee8362aec0a2bcbcbbd485e86e701496a73",
        "type": "github"
      },
      "original": {
        "owner": "nix-community",
        "repo": "home-manager",
        "type": "github"
      }
    },
    "nixpkgs": {
      "locked": {
        "lastModified": 1756125398,
        "narHash": "sha256-XexyKZpf46cMiO5Vbj+dWSAXOnr285GHsMch8FBoHbc=",
        "owner": "NixOS",
        "repo": "nixpkgs",
        "rev": "3b9f00d7a7bf68acd4c4abb9d43695afb04e03a5",
        "type": "github"
      },
      "original": {
        "owner": "NixOS",
        "ref": "nixos-unstable",
        "repo": "nixpkgs",
        "type": "github"
      }
    },
    "root": {
      "inputs": {
        "gwt": "gwt",
        "home-manager": "home-manager",
        "nixpkgs": "nixpkgs",
        "tmuxinator-nix": "tmuxinator-nix"
      }
    },
    "systems": {
      "locked": {
        "lastModified": 1681028828,
        "narHash": "sha256-Vy1rq5AaRuLzOxct8nz4T6wlgyUR7zLU309k9mBC768=",
        "owner": "nix-systems",
        "repo": "default",
        "rev": "da67096a3b9bf56a91d16901293e51ba5b49a27e",
        "type": "github"
      },
      "original": {
        "owner": "nix-systems",
        "repo": "default",
        "type": "github"
      }
    },
    "tmuxinator-nix": {
      "inputs": {
        "home-manager": "home-manager_2",
        "nixpkgs": [
          "nixpkgs"
        ]
      },
      "locked": {
        "lastModified": 1746513011,
        "narHash": "sha256-gYJef3Qzx/hfx4egBOJbF4GlHpX7r2b5XDXX3nM4Jmk=",
        "owner": "flyinggrizzly",
        "repo": "tmuxinator-nix",
        "rev": "835cae5e6168be4ef0da8d56f47584653d4106fc",
        "type": "github"
      },
      "original": {
        "owner": "flyinggrizzly",
        "repo": "tmuxinator-nix",
        "type": "github"
      }
    }
  },
  "root": "root",
  "version": 7
}
